
Microsoft Visual Studio Solution File, Format Version 12.00
# Visual Studio Version 17
VisualStudioVersion = 17.10.34928.147
MinimumVisualStudioVersion = 10.0.40219.1
Project("{FAE04EC0-301F-11D3-BF4B-00C04F79EFBC}") = "InitialProject", "InitialProject\InitialProject.csproj", "{64FFCF97-AD7C-49BC-8F88-E537B5DFA962}"
	ProjectSection(ProjectDependencies) = postProject
		{1396EFA5-7E42-46CC-88FA-ECC31D09AB48} = {1396EFA5-7E42-46CC-88FA-ECC31D09AB48}
		{83A193FA-6F7E-451E-B689-F90BB2889602} = {83A193FA-6F7E-451E-B689-F90BB2889602}
		{B350317A-AD71-4BBA-874C-2649AB055A08} = {B350317A-AD71-4BBA-874C-2649AB055A08}
	EndProjectSection
EndProject
Project("{FAE04EC0-301F-11D3-BF4B-00C04F79EFBC}") = "InitialProject.RepositoryLayer", "RepositoryLayer\InitialProject.RepositoryLayer.csproj", "{B350317A-AD71-4BBA-874C-2649AB055A08}"
	ProjectSection(ProjectDependencies) = postProject
		{83A193FA-6F7E-451E-B689-F90BB2889602} = {83A193FA-6F7E-451E-B689-F90BB2889602}
	EndProjectSection
EndProject
Project("{FAE04EC0-301F-11D3-BF4B-00C04F79EFBC}") = "InitialProject.BusinessLayer", "BusinessLayer\InitialProject.BusinessLayer.csproj", "{1396EFA5-7E42-46CC-88FA-ECC31D09AB48}"
	ProjectSection(ProjectDependencies) = postProject
		{83A193FA-6F7E-451E-B689-F90BB2889602} = {83A193FA-6F7E-451E-B689-F90BB2889602}
		{B350317A-AD71-4BBA-874C-2649AB055A08} = {B350317A-AD71-4BBA-874C-2649AB055A08}
	EndProjectSection
EndProject
Project("{FAE04EC0-301F-11D3-BF4B-00C04F79EFBC}") = "InitialProject.Core", "Core\InitialProject.Core.csproj", "{83A193FA-6F7E-451E-B689-F90BB2889602}"
EndProject
Global
	GlobalSection(SolutionConfigurationPlatforms) = preSolution
		Debug|Any CPU = Debug|Any CPU
		Release|Any CPU = Release|Any CPU
	EndGlobalSection
	GlobalSection(ProjectConfigurationPlatforms) = postSolution
		{64FFCF97-AD7C-49BC-8F88-E537B5DFA962}.Debug|Any CPU.ActiveCfg = Debug|Any CPU
		{64FFCF97-AD7C-49BC-8F88-E537B5DFA962}.Debug|Any CPU.Build.0 = Debug|Any CPU
		{64FFCF97-AD7C-49BC-8F88-E537B5DFA962}.Release|Any CPU.ActiveCfg = Release|Any CPU
		{64FFCF97-AD7C-49BC-8F88-E537B5DFA962}.Release|Any CPU.Build.0 = Release|Any CPU
		{B350317A-AD71-4BBA-874C-2649AB055A08}.Debug|Any CPU.ActiveCfg = Debug|Any CPU
		{B350317A-AD71-4BBA-874C-2649AB055A08}.Debug|Any CPU.Build.0 = Debug|Any CPU
		{B350317A-AD71-4BBA-874C-2649AB055A08}.Release|Any CPU.ActiveCfg = Release|Any CPU
		{B350317A-AD71-4BBA-874C-2649AB055A08}.Release|Any CPU.Build.0 = Release|Any CPU
		{1396EFA5-7E42-46CC-88FA-ECC31D09AB48}.Debug|Any CPU.ActiveCfg = Debug|Any CPU
		{1396EFA5-7E42-46CC-88FA-ECC31D09AB48}.Debug|Any CPU.Build.0 = Debug|Any CPU
		{1396EFA5-7E42-46CC-88FA-ECC31D09AB48}.Release|Any CPU.ActiveCfg = Release|Any CPU
		{1396EFA5-7E42-46CC-88FA-ECC31D09AB48}.Release|Any CPU.Build.0 = Release|Any CPU
		{83A193FA-6F7E-451E-B689-F90BB2889602}.Debug|Any CPU.ActiveCfg = Debug|Any CPU
		{83A193FA-6F7E-451E-B689-F90BB2889602}.Debug|Any CPU.Build.0 = Debug|Any CPU
		{83A193FA-6F7E-451E-B689-F90BB2889602}.Release|Any CPU.ActiveCfg = Release|Any CPU
		{83A193FA-6F7E-451E-B689-F90BB2889602}.Release|Any CPU.Build.0 = Release|Any CPU
	EndGlobalSection
	GlobalSection(SolutionProperties) = preSolution
		HideSolutionNode = FALSE
	EndGlobalSection
	GlobalSection(ExtensibilityGlobals) = postSolution
		SolutionGuid = {EB89FE76-ECC5-45D3-81DA-697CE429F75E}
	EndGlobalSection
EndGlobal
